// !$*UTF8*$!
{
	archiveVersion = 1;
	classes = {
	};
	objectVersion = 56;
	objects = {

/* Begin PBXBuildFile section */
		5B4F11052AB8A97E004219DD /* CreateObjectView.swift in Sources */ = {isa = PBXBuildFile; fileRef = 5B4F11042AB8A97E004219DD /* CreateObjectView.swift */; };
		5B6C3BE52A9E20B20080C5CF /* InitializeSDKView.swift in Sources */ = {isa = PBXBuildFile; fileRef = 5B6C3BE12A9E20B20080C5CF /* InitializeSDKView.swift */; };
		5B6C3BE72A9E20B20080C5CF /* BasicFunctionalityView.swift in Sources */ = {isa = PBXBuildFile; fileRef = 5B6C3BE32A9E20B20080C5CF /* BasicFunctionalityView.swift */; };
		5B6C3BE82A9E20B20080C5CF /* InquireConsentState.swift in Sources */ = {isa = PBXBuildFile; fileRef = 5B6C3BE42A9E20B20080C5CF /* InquireConsentState.swift */; };
		5BC49D922A9E191300E59984 /* AdMob_iOSApp.swift in Sources */ = {isa = PBXBuildFile; fileRef = 5BC49D912A9E191300E59984 /* AdMob_iOSApp.swift */; };
		5BC49D942A9E191300E59984 /* ContentView.swift in Sources */ = {isa = PBXBuildFile; fileRef = 5BC49D932A9E191300E59984 /* ContentView.swift */; };
		5BC49D962A9E191500E59984 /* Assets.xcassets in Resources */ = {isa = PBXBuildFile; fileRef = 5BC49D952A9E191500E59984 /* Assets.xcassets */; };
		5BC49D992A9E191500E59984 /* Preview Assets.xcassets in Resources */ = {isa = PBXBuildFile; fileRef = 5BC49D982A9E191500E59984 /* Preview Assets.xcassets */; };
		5BC49DA12A9E1B9600E59984 /* GoogleMobileAds in Frameworks */ = {isa = PBXBuildFile; productRef = 5BC49DA02A9E1B9600E59984 /* GoogleMobileAds */; };
/* End PBXBuildFile section */

/* Begin PBXFileReference section */
		5B4F11042AB8A97E004219DD /* CreateObjectView.swift */ = {isa = PBXFileReference; lastKnownFileType = sourcecode.swift; path = CreateObjectView.swift; sourceTree = "<group>"; };
		5B6C3BE12A9E20B20080C5CF /* InitializeSDKView.swift */ = {isa = PBXFileReference; fileEncoding = 4; lastKnownFileType = sourcecode.swift; path = InitializeSDKView.swift; sourceTree = "<group>"; };
		5B6C3BE32A9E20B20080C5CF /* BasicFunctionalityView.swift */ = {isa = PBXFileReference; fileEncoding = 4; lastKnownFileType = sourcecode.swift; path = BasicFunctionalityView.swift; sourceTree = "<group>"; };
		5B6C3BE42A9E20B20080C5CF /* InquireConsentState.swift */ = {isa = PBXFileReference; fileEncoding = 4; lastKnownFileType = sourcecode.swift; path = InquireConsentState.swift; sourceTree = "<group>"; };
		5BC49D8E2A9E191300E59984 /* AdMob_iOS.app */ = {isa = PBXFileReference; explicitFileType = wrapper.application; includeInIndex = 0; path = AdMob_iOS.app; sourceTree = BUILT_PRODUCTS_DIR; };
		5BC49D912A9E191300E59984 /* AdMob_iOSApp.swift */ = {isa = PBXFileReference; lastKnownFileType = sourcecode.swift; path = AdMob_iOSApp.swift; sourceTree = "<group>"; };
		5BC49D932A9E191300E59984 /* ContentView.swift */ = {isa = PBXFileReference; lastKnownFileType = sourcecode.swift; path = ContentView.swift; sourceTree = "<group>"; };
		5BC49D952A9E191500E59984 /* Assets.xcassets */ = {isa = PBXFileReference; lastKnownFileType = folder.assetcatalog; path = Assets.xcassets; sourceTree = "<group>"; };
		5BC49D982A9E191500E59984 /* Preview Assets.xcassets */ = {isa = PBXFileReference; lastKnownFileType = folder.assetcatalog; path = "Preview Assets.xcassets"; sourceTree = "<group>"; };
		5BC49DA42A9E1CF200E59984 /* AdMob-iOS-Info.plist */ = {isa = PBXFileReference; lastKnownFileType = text.plist; path = "AdMob-iOS-Info.plist"; sourceTree = SOURCE_ROOT; };
/* End PBXFileReference section */

/* Begin PBXFrameworksBuildPhase section */
		5BC49D8B2A9E191300E59984 /* Frameworks */ = {
			isa = PBXFrameworksBuildPhase;
			buildActionMask = 2147483647;
			files = (
				5BC49DA12A9E1B9600E59984 /* GoogleMobileAds in Frameworks */,
			);
			runOnlyForDeploymentPostprocessing = 0;
		};
/* End PBXFrameworksBuildPhase section */

/* Begin PBXGroup section */
		5BC49D852A9E191300E59984 = {
			isa = PBXGroup;
			children = (
				5BC49D902A9E191300E59984 /* AdMob_iOS */,
				5BC49D8F2A9E191300E59984 /* Products */,
			);
			sourceTree = "<group>";
		};
		5BC49D8F2A9E191300E59984 /* Products */ = {
			isa = PBXGroup;
			children = (
				5BC49D8E2A9E191300E59984 /* AdMob_iOS.app */,
			);
			name = Products;
			sourceTree = "<group>";
		};
		5BC49D902A9E191300E59984 /* AdMob_iOS */ = {
			isa = PBXGroup;
			children = (
				5B6C3BE32A9E20B20080C5CF /* BasicFunctionalityView.swift */,
				5B6C3BE12A9E20B20080C5CF /* InitializeSDKView.swift */,
				5B6C3BE42A9E20B20080C5CF /* InquireConsentState.swift */,
				5BC49DA42A9E1CF200E59984 /* AdMob-iOS-Info.plist */,
				5BC49D912A9E191300E59984 /* AdMob_iOSApp.swift */,
				5BC49D932A9E191300E59984 /* ContentView.swift */,
				5BC49D952A9E191500E59984 /* Assets.xcassets */,
				5BC49D972A9E191500E59984 /* Preview Content */,
				5B4F11042AB8A97E004219DD /* CreateObjectView.swift */,
			);
			path = AdMob_iOS;
			sourceTree = "<group>";
		};
		5BC49D972A9E191500E59984 /* Preview Content */ = {
			isa = PBXGroup;
			children = (
				5BC49D982A9E191500E59984 /* Preview Assets.xcassets */,
			);
			path = "Preview Content";
			sourceTree = "<group>";
		};
/* End PBXGroup section */

/* Begin PBXNativeTarget section */
		5BC49D8D2A9E191300E59984 /* AdMob_iOS */ = {
			isa = PBXNativeTarget;
			buildConfigurationList = 5BC49D9C2A9E191500E59984 /* Build configuration list for PBXNativeTarget "AdMob_iOS" */;
			buildPhases = (
				5BC49D8A2A9E191300E59984 /* Sources */,
				5BC49D8B2A9E191300E59984 /* Frameworks */,
				5BC49D8C2A9E191300E59984 /* Resources */,
			);
			buildRules = (
			);
			dependencies = (
			);
			name = AdMob_iOS;
			packageProductDependencies = (
				5BC49DA02A9E1B9600E59984 /* GoogleMobileAds */,
			);
			productName = AdMob_iOS;
			productReference = 5BC49D8E2A9E191300E59984 /* AdMob_iOS.app */;
			productType = "com.apple.product-type.application";
		};
/* End PBXNativeTarget section */

/* Begin PBXProject section */
		5BC49D862A9E191300E59984 /* Project object */ = {
			isa = PBXProject;
			attributes = {
				BuildIndependentTargetsInParallel = 1;
				LastSwiftUpdateCheck = 1430;
				LastUpgradeCheck = 1500;
				TargetAttributes = {
					5BC49D8D2A9E191300E59984 = {
						CreatedOnToolsVersion = 14.3.1;
					};
				};
			};
			buildConfigurationList = 5BC49D892A9E191300E59984 /* Build configuration list for PBXProject "AdMob_iOS" */;
			compatibilityVersion = "Xcode 14.0";
			developmentRegion = en;
			hasScannedForEncodings = 0;
			knownRegions = (
				en,
				Base,
			);
			mainGroup = 5BC49D852A9E191300E59984;
			packageReferences = (
				5BC49D9F2A9E1B9600E59984 /* XCRemoteSwiftPackageReference "swift-package-manager-google-mobile-ads" */,
			);
			productRefGroup = 5BC49D8F2A9E191300E59984 /* Products */;
			projectDirPath = "";
			projectRoot = "";
			targets = (
				5BC49D8D2A9E191300E59984 /* AdMob_iOS */,
			);
		};
/* End PBXProject section */

/* Begin PBXResourcesBuildPhase section */
		5BC49D8C2A9E191300E59984 /* Resources */ = {
			isa = PBXResourcesBuildPhase;
			buildActionMask = 2147483647;
			files = (
				5BC49D992A9E191500E59984 /* Preview Assets.xcassets in Resources */,
				5BC49D962A9E191500E59984 /* Assets.xcassets in Resources */,
			);
			runOnlyForDeploymentPostprocessing = 0;
		};
/* End PBXResourcesBuildPhase section */

/* Begin PBXSourcesBuildPhase section */
		5BC49D8A2A9E191300E59984 /* Sources */ = {
			isa = PBXSourcesBuildPhase;
			buildActionMask = 2147483647;
			files = (
				5B6C3BE82A9E20B20080C5CF /* InquireConsentState.swift in Sources */,
				5BC49D942A9E191300E59984 /* ContentView.swift in Sources */,
				5B6C3BE72A9E20B20080C5CF /* BasicFunctionalityView.swift in Sources */,
				5B4F11052AB8A97E004219DD /* CreateObjectView.swift in Sources */,
				5B6C3BE52A9E20B20080C5CF /* InitializeSDKView.swift in Sources */,
				5BC49D922A9E191300E59984 /* AdMob_iOSApp.swift in Sources */,
			);
			runOnlyForDeploymentPostprocessing = 0;
		};
/* End PBXSourcesBuildPhase section */

/* Begin XCBuildConfiguration section */
		5BC49D9A2A9E191500E59984 /* Debug */ = {
			isa = XCBuildConfiguration;
			buildSettings = {
				ALWAYS_SEARCH_USER_PATHS = NO;
				CLANG_ANALYZER_NONNULL = YES;
				CLANG_ANALYZER_NUMBER_OBJECT_CONVERSION = YES_AGGRESSIVE;
				CLANG_CXX_LANGUAGE_STANDARD = "gnu++20";
				CLANG_ENABLE_MODULES = YES;
				CLANG_ENABLE_OBJC_ARC = YES;
				CLANG_ENABLE_OBJC_WEAK = YES;
				CLANG_WARN_BLOCK_CAPTURE_AUTORELEASING = YES;
				CLANG_WARN_BOOL_CONVERSION = YES;
				CLANG_WARN_COMMA = YES;
				CLANG_WARN_CONSTANT_CONVERSION = YES;
				CLANG_WARN_DEPRECATED_OBJC_IMPLEMENTATIONS = YES;
				CLANG_WARN_DIRECT_OBJC_ISA_USAGE = YES_ERROR;
				CLANG_WARN_DOCUMENTATION_COMMENTS = YES;
				CLANG_WARN_EMPTY_BODY = YES;
				CLANG_WARN_ENUM_CONVERSION = YES;
				CLANG_WARN_INFINITE_RECURSION = YES;
				CLANG_WARN_INT_CONVERSION = YES;
				CLANG_WARN_NON_LITERAL_NULL_CONVERSION = YES;
				CLANG_WARN_OBJC_IMPLICIT_RETAIN_SELF = YES;
				CLANG_WARN_OBJC_LITERAL_CONVERSION = YES;
				CLANG_WARN_OBJC_ROOT_CLASS = YES_ERROR;
				CLANG_WARN_QUOTED_INCLUDE_IN_FRAMEWORK_HEADER = YES;
				CLANG_WARN_RANGE_LOOP_ANALYSIS = YES;
				CLANG_WARN_STRICT_PROTOTYPES = YES;
				CLANG_WARN_SUSPICIOUS_MOVE = YES;
				CLANG_WARN_UNGUARDED_AVAILABILITY = YES_AGGRESSIVE;
				CLANG_WARN_UNREACHABLE_CODE = YES;
				CLANG_WARN__DUPLICATE_METHOD_MATCH = YES;
				COPY_PHASE_STRIP = NO;
				DEBUG_INFORMATION_FORMAT = dwarf;
				ENABLE_STRICT_OBJC_MSGSEND = YES;
				ENABLE_TESTABILITY = YES;
				ENABLE_USER_SCRIPT_SANDBOXING = YES;
				GCC_C_LANGUAGE_STANDARD = gnu11;
				GCC_DYNAMIC_NO_PIC = NO;
				GCC_NO_COMMON_BLOCKS = YES;
				GCC_OPTIMIZATION_LEVEL = 0;
				GCC_PREPROCESSOR_DEFINITIONS = (
					"DEBUG=1",
					"$(inherited)",
				);
				GCC_WARN_64_TO_32_BIT_CONVERSION = YES;
				GCC_WARN_ABOUT_RETURN_TYPE = YES_ERROR;
				GCC_WARN_UNDECLARED_SELECTOR = YES;
				GCC_WARN_UNINITIALIZED_AUTOS = YES_AGGRESSIVE;
				GCC_WARN_UNUSED_FUNCTION = YES;
				GCC_WARN_UNUSED_VARIABLE = YES;
				IPHONEOS_DEPLOYMENT_TARGET = 14.5;
				MTL_ENABLE_DEBUG_INFO = INCLUDE_SOURCE;
				MTL_FAST_MATH = YES;
				ONLY_ACTIVE_ARCH = YES;
				SDKROOT = iphoneos;
				SWIFT_ACTIVE_COMPILATION_CONDITIONS = DEBUG;
				SWIFT_OPTIMIZATION_LEVEL = "-Onone";
			};
			name = Debug;
		};
		5BC49D9B2A9E191500E59984 /* Release */ = {
			isa = XCBuildConfiguration;
			buildSettings = {
				ALWAYS_SEARCH_USER_PATHS = NO;
				CLANG_ANALYZER_NONNULL = YES;
				CLANG_ANALYZER_NUMBER_OBJECT_CONVERSION = YES_AGGRESSIVE;
				CLANG_CXX_LANGUAGE_STANDARD = "gnu++20";
				CLANG_ENABLE_MODULES = YES;
				CLANG_ENABLE_OBJC_ARC = YES;
				CLANG_ENABLE_OBJC_WEAK = YES;
				CLANG_WARN_BLOCK_CAPTURE_AUTORELEASING = YES;
				CLANG_WARN_BOOL_CONVERSION = YES;
				CLANG_WARN_COMMA = YES;
				CLANG_WARN_CONSTANT_CONVERSION = YES;
				CLANG_WARN_DEPRECATED_OBJC_IMPLEMENTATIONS = YES;
				CLANG_WARN_DIRECT_OBJC_ISA_USAGE = YES_ERROR;
				CLANG_WARN_DOCUMENTATION_COMMENTS = YES;
				CLANG_WARN_EMPTY_BODY = YES;
				CLANG_WARN_ENUM_CONVERSION = YES;
				CLANG_WARN_INFINITE_RECURSION = YES;
				CLANG_WARN_INT_CONVERSION = YES;
				CLANG_WARN_NON_LITERAL_NULL_CONVERSION = YES;
				CLANG_WARN_OBJC_IMPLICIT_RETAIN_SELF = YES;
				CLANG_WARN_OBJC_LITERAL_CONVERSION = YES;
				CLANG_WARN_OBJC_ROOT_CLASS = YES_ERROR;
				CLANG_WARN_QUOTED_INCLUDE_IN_FRAMEWORK_HEADER = YES;
				CLANG_WARN_RANGE_LOOP_ANALYSIS = YES;
				CLANG_WARN_STRICT_PROTOTYPES = YES;
				CLANG_WARN_SUSPICIOUS_MOVE = YES;
				CLANG_WARN_UNGUARDED_AVAILABILITY = YES_AGGRESSIVE;
				CLANG_WARN_UNREACHABLE_CODE = YES;
				CLANG_WARN__DUPLICATE_METHOD_MATCH = YES;
				COPY_PHASE_STRIP = NO;
				DEBUG_INFORMATION_FORMAT = "dwarf-with-dsym";
				ENABLE_NS_ASSERTIONS = NO;
				ENABLE_STRICT_OBJC_MSGSEND = YES;
				ENABLE_USER_SCRIPT_SANDBOXING = YES;
				GCC_C_LANGUAGE_STANDARD = gnu11;
				GCC_NO_COMMON_BLOCKS = YES;
				GCC_WARN_64_TO_32_BIT_CONVERSION = YES;
				GCC_WARN_ABOUT_RETURN_TYPE = YES_ERROR;
				GCC_WARN_UNDECLARED_SELECTOR = YES;
				GCC_WARN_UNINITIALIZED_AUTOS = YES_AGGRESSIVE;
				GCC_WARN_UNUSED_FUNCTION = YES;
				GCC_WARN_UNUSED_VARIABLE = YES;
				IPHONEOS_DEPLOYMENT_TARGET = 14.5;
				MTL_ENABLE_DEBUG_INFO = NO;
				MTL_FAST_MATH = YES;
				SDKROOT = iphoneos;
				SWIFT_COMPILATION_MODE = wholemodule;
				SWIFT_OPTIMIZATION_LEVEL = "-O";
				VALIDATE_PRODUCT = YES;
			};
			name = Release;
		};
		5BC49D9D2A9E191500E59984 /* Debug */ = {
			isa = XCBuildConfiguration;
			buildSettings = {
				ASSETCATALOG_COMPILER_APPICON_NAME = AppIcon;
				ASSETCATALOG_COMPILER_GLOBAL_ACCENT_COLOR_NAME = AccentColor;
				CODE_SIGN_STYLE = Automatic;
				CURRENT_PROJECT_VERSION = 1;
				DEVELOPMENT_ASSET_PATHS = "\"AdMob_iOS/Preview Content\"";
				DEVELOPMENT_TEAM = HZ2922XJM2;
				ENABLE_PREVIEWS = YES;
				GENERATE_INFOPLIST_FILE = YES;
				INFOPLIST_FILE = "AdMob-iOS-Info.plist";
				INFOPLIST_KEY_NSUserTrackingUsageDescription = "We track for fun an glory";
				INFOPLIST_KEY_UIApplicationSceneManifest_Generation = YES;
				INFOPLIST_KEY_UIApplicationSupportsIndirectInputEvents = YES;
				INFOPLIST_KEY_UILaunchScreen_Generation = YES;
				INFOPLIST_KEY_UISupportedInterfaceOrientations_iPad = "UIInterfaceOrientationPortrait UIInterfaceOrientationPortraitUpsideDown UIInterfaceOrientationLandscapeLeft UIInterfaceOrientationLandscapeRight";
				INFOPLIST_KEY_UISupportedInterfaceOrientations_iPhone = "UIInterfaceOrientationPortrait UIInterfaceOrientationLandscapeLeft UIInterfaceOrientationLandscapeRight";
				IPHONEOS_DEPLOYMENT_TARGET = 14.5;
				LD_RUNPATH_SEARCH_PATHS = (
					"$(inherited)",
					"@executable_path/Frameworks",
				);
				MARKETING_VERSION = 1.0;
				"OTHER_LDFLAGS[arch=*]" = "-ObjC";
				PRODUCT_BUNDLE_IDENTIFIER = "MeaCulpa.AdMob-iOS";
				PRODUCT_NAME = "$(TARGET_NAME)";
				SWIFT_EMIT_LOC_STRINGS = YES;
				SWIFT_VERSION = 5.0;
				TARGETED_DEVICE_FAMILY = "1,2";
			};
			name = Debug;
		};
		5BC49D9E2A9E191500E59984 /* Release */ = {
			isa = XCBuildConfiguration;
			buildSettings = {
				ASSETCATALOG_COMPILER_APPICON_NAME = AppIcon;
				ASSETCATALOG_COMPILER_GLOBAL_ACCENT_COLOR_NAME = AccentColor;
				CODE_SIGN_STYLE = Automatic;
				CURRENT_PROJECT_VERSION = 1;
				DEVELOPMENT_ASSET_PATHS = "\"AdMob_iOS/Preview Content\"";
				DEVELOPMENT_TEAM = HZ2922XJM2;
				ENABLE_PREVIEWS = YES;
				GENERATE_INFOPLIST_FILE = YES;
				INFOPLIST_FILE = "AdMob-iOS-Info.plist";
				INFOPLIST_KEY_NSUserTrackingUsageDescription = "We track for fun an glory";
				INFOPLIST_KEY_UIApplicationSceneManifest_Generation = YES;
				INFOPLIST_KEY_UIApplicationSupportsIndirectInputEvents = YES;
				INFOPLIST_KEY_UILaunchScreen_Generation = YES;
				INFOPLIST_KEY_UISupportedInterfaceOrientations_iPad = "UIInterfaceOrientationPortrait UIInterfaceOrientationPortraitUpsideDown UIInterfaceOrientationLandscapeLeft UIInterfaceOrientationLandscapeRight";
				INFOPLIST_KEY_UISupportedInterfaceOrientations_iPhone = "UIInterfaceOrientationPortrait UIInterfaceOrientationLandscapeLeft UIInterfaceOrientationLandscapeRight";
				IPHONEOS_DEPLOYMENT_TARGET = 14.5;
				LD_RUNPATH_SEARCH_PATHS = (
					"$(inherited)",
					"@executable_path/Frameworks",
				);
				MARKETING_VERSION = 1.0;
				"OTHER_LDFLAGS[arch=*]" = "-ObjC";
				PRODUCT_BUNDLE_IDENTIFIER = "MeaCulpa.AdMob-iOS";
				PRODUCT_NAME = "$(TARGET_NAME)";
				SWIFT_EMIT_LOC_STRINGS = YES;
				SWIFT_VERSION = 5.0;
				TARGETED_DEVICE_FAMILY = "1,2";
			};
			name = Release;
		};
/* End XCBuildConfiguration section */

/* Begin XCConfigurationList section */
		5BC49D892A9E191300E59984 /* Build configuration list for PBXProject "AdMob_iOS" */ = {
			isa = XCConfigurationList;
			buildConfigurations = (
				5BC49D9A2A9E191500E59984 /* Debug */,
				5BC49D9B2A9E191500E59984 /* Release */,
			);
			defaultConfigurationIsVisible = 0;
			defaultConfigurationName = Release;
		};
		5BC49D9C2A9E191500E59984 /* Build configuration list for PBXNativeTarget "AdMob_iOS" */ = {
			isa = XCConfigurationList;
			buildConfigurations = (
				5BC49D9D2A9E191500E59984 /* Debug */,
				5BC49D9E2A9E191500E59984 /* Release */,
			);
			defaultConfigurationIsVisible = 0;
			defaultConfigurationName = Release;
		};
/* End XCConfigurationList section */

/* Begin XCRemoteSwiftPackageReference section */
		5BC49D9F2A9E1B9600E59984 /* XCRemoteSwiftPackageReference "swift-package-manager-google-mobile-ads" */ = {
			isa = XCRemoteSwiftPackageReference;
			repositoryURL = "https://github.com/googleads/swift-package-manager-google-mobile-ads.git";
			requirement = {
				kind = upToNextMajorVersion;
				minimumVersion = 10.0.0;
			};
		};
/* End XCRemoteSwiftPackageReference section */

/* Begin XCSwiftPackageProductDependency section */
		5BC49DA02A9E1B9600E59984 /* GoogleMobileAds */ = {
			isa = XCSwiftPackageProductDependency;
			package = 5BC49D9F2A9E1B9600E59984 /* XCRemoteSwiftPackageReference "swift-package-manager-google-mobile-ads" */;
			productName = GoogleMobileAds;
		};
/* End XCSwiftPackageProductDependency section */
	};
	rootObject = 5BC49D862A9E191300E59984 /* Project object */;
}
